
Microsoft Visual Studio Solution File, Format Version 12.00
# Visual Studio Version 17
VisualStudioVersion = 17.5.33530.505
MinimumVisualStudioVersion = 10.0.40219.1
Project("{FAE04EC0-301F-11D3-BF4B-00C04F79EFBC}") = "HW_LINQ1", "HW_LINQ1.csproj", "{B17D7979-FE8A-456A-B6D6-809A31174C8C}"
EndProject
Global
	GlobalSection(SolutionConfigurationPlatforms) = preSolution
		Debug|Any CPU = Debug|Any CPU
		Release|Any CPU = Release|Any CPU
	EndGlobalSection
	GlobalSection(ProjectConfigurationPlatforms) = postSolution
		{B17D7979-FE8A-456A-B6D6-809A31174C8C}.Debug|Any CPU.ActiveCfg = Debug|Any CPU
		{B17D7979-FE8A-456A-B6D6-809A31174C8C}.Debug|Any CPU.Build.0 = Debug|Any CPU
		{B17D7979-FE8A-456A-B6D6-809A31174C8C}.Release|Any CPU.ActiveCfg = Release|Any CPU
		{B17D7979-FE8A-456A-B6D6-809A31174C8C}.Release|Any CPU.Build.0 = Release|Any CPU
	EndGlobalSection
	GlobalSection(SolutionProperties) = preSolution
		HideSolutionNode = FALSE
	EndGlobalSection
	GlobalSection(ExtensibilityGlobals) = postSolution
		SolutionGuid = {BE0D0963-82DB-4C5C-8535-3390BC332841}
	EndGlobalSection
EndGlobal
